
Microsoft Visual Studio Solution File, Format Version 12.00
# Visual Studio 15
VisualStudioVersion = 15.0.26730.16
MinimumVisualStudioVersion = 10.0.40219.1
Project("{FAE04EC0-301F-11D3-BF4B-00C04F79EFBC}") = "DelegatesAndEvents", "DelegatesAndEvents\DelegatesAndEvents.csproj", "{86B9E973-3791-43DF-87D6-A07F7E0147DC}"
EndProject
Global
	GlobalSection(SolutionConfigurationPlatforms) = preSolution
		Debug|Any CPU = Debug|Any CPU
		Release|Any CPU = Release|Any CPU
	EndGlobalSection
	GlobalSection(ProjectConfigurationPlatforms) = postSolution
		{86B9E973-3791-43DF-87D6-A07F7E0147DC}.Debug|Any CPU.ActiveCfg = Debug|Any CPU
		{86B9E973-3791-43DF-87D6-A07F7E0147DC}.Debug|Any CPU.Build.0 = Debug|Any CPU
		{86B9E973-3791-43DF-87D6-A07F7E0147DC}.Release|Any CPU.ActiveCfg = Release|Any CPU
		{86B9E973-3791-43DF-87D6-A07F7E0147DC}.Release|Any CPU.Build.0 = Release|Any CPU
	EndGlobalSection
	GlobalSection(SolutionProperties) = preSolution
		HideSolutionNode = FALSE
	EndGlobalSection
	GlobalSection(ExtensibilityGlobals) = postSolution
		SolutionGuid = {BB951F05-6F10-4166-80DF-A1F7C9D1C5CE}
	EndGlobalSection
EndGlobal
